// !$*UTF8*$!
{
	archiveVersion = 1;
	classes = {
	};
	objectVersion = 50;
	objects = {

/* Begin PBXBuildFile section */
		D58041A922A89F3700EB8C27 /* Constants.swift in Sources */ = {isa = PBXBuildFile; fileRef = D58041A822A89F3700EB8C27 /* Constants.swift */; };
		D58041AB22A8A0EA00EB8C27 /* MenuOptions.swift in Sources */ = {isa = PBXBuildFile; fileRef = D58041AA22A8A0EA00EB8C27 /* MenuOptions.swift */; };
		D58BA5FB22A74335003F8146 /* AppDelegate.swift in Sources */ = {isa = PBXBuildFile; fileRef = D58BA5FA22A74335003F8146 /* AppDelegate.swift */; };
		D58BA5FD22A74335003F8146 /* GameScene.sks in Resources */ = {isa = PBXBuildFile; fileRef = D58BA5FC22A74335003F8146 /* GameScene.sks */; };
		D58BA5FF22A74335003F8146 /* Actions.sks in Resources */ = {isa = PBXBuildFile; fileRef = D58BA5FE22A74335003F8146 /* Actions.sks */; };
		D58BA60122A74335003F8146 /* GameScene.swift in Sources */ = {isa = PBXBuildFile; fileRef = D58BA60022A74335003F8146 /* GameScene.swift */; };
		D58BA60322A74335003F8146 /* GameViewController.swift in Sources */ = {isa = PBXBuildFile; fileRef = D58BA60222A74335003F8146 /* GameViewController.swift */; };
		D58BA60622A74335003F8146 /* Main.storyboard in Resources */ = {isa = PBXBuildFile; fileRef = D58BA60422A74335003F8146 /* Main.storyboard */; };
		D58BA60822A74336003F8146 /* Assets.xcassets in Resources */ = {isa = PBXBuildFile; fileRef = D58BA60722A74336003F8146 /* Assets.xcassets */; };
		D58BA60B22A74336003F8146 /* LaunchScreen.storyboard in Resources */ = {isa = PBXBuildFile; fileRef = D58BA60922A74336003F8146 /* LaunchScreen.storyboard */; };
		D58BA61322A74860003F8146 /* MainMenuScene.sks in Resources */ = {isa = PBXBuildFile; fileRef = D58BA61222A74860003F8146 /* MainMenuScene.sks */; };
		D58BA61522A7488C003F8146 /* MainMenuScene.swift in Sources */ = {isa = PBXBuildFile; fileRef = D58BA61422A7488C003F8146 /* MainMenuScene.swift */; };
		D5F6B3B122A7A1E7002F107D /* Button.swift in Sources */ = {isa = PBXBuildFile; fileRef = D5F6B3B022A7A1E7002F107D /* Button.swift */; };
/* End PBXBuildFile section */

/* Begin PBXFileReference section */
		D58041A822A89F3700EB8C27 /* Constants.swift */ = {isa = PBXFileReference; lastKnownFileType = sourcecode.swift; path = Constants.swift; sourceTree = "<group>"; };
		D58041AA22A8A0EA00EB8C27 /* MenuOptions.swift */ = {isa = PBXFileReference; lastKnownFileType = sourcecode.swift; path = MenuOptions.swift; sourceTree = "<group>"; };
		D58BA5F722A74335003F8146 /* BottleFlip.app */ = {isa = PBXFileReference; explicitFileType = wrapper.application; includeInIndex = 0; path = BottleFlip.app; sourceTree = BUILT_PRODUCTS_DIR; };
		D58BA5FA22A74335003F8146 /* AppDelegate.swift */ = {isa = PBXFileReference; lastKnownFileType = sourcecode.swift; path = AppDelegate.swift; sourceTree = "<group>"; };
		D58BA5FC22A74335003F8146 /* GameScene.sks */ = {isa = PBXFileReference; lastKnownFileType = file.sks; path = GameScene.sks; sourceTree = "<group>"; };
		D58BA5FE22A74335003F8146 /* Actions.sks */ = {isa = PBXFileReference; lastKnownFileType = file.sks; path = Actions.sks; sourceTree = "<group>"; };
		D58BA60022A74335003F8146 /* GameScene.swift */ = {isa = PBXFileReference; lastKnownFileType = sourcecode.swift; path = GameScene.swift; sourceTree = "<group>"; };
		D58BA60222A74335003F8146 /* GameViewController.swift */ = {isa = PBXFileReference; lastKnownFileType = sourcecode.swift; path = GameViewController.swift; sourceTree = "<group>"; };
		D58BA60522A74335003F8146 /* Base */ = {isa = PBXFileReference; lastKnownFileType = file.storyboard; name = Base; path = Base.lproj/Main.storyboard; sourceTree = "<group>"; };
		D58BA60722A74336003F8146 /* Assets.xcassets */ = {isa = PBXFileReference; lastKnownFileType = folder.assetcatalog; path = Assets.xcassets; sourceTree = "<group>"; };
		D58BA60A22A74336003F8146 /* Base */ = {isa = PBXFileReference; lastKnownFileType = file.storyboard; name = Base; path = Base.lproj/LaunchScreen.storyboard; sourceTree = "<group>"; };
		D58BA60C22A74336003F8146 /* Info.plist */ = {isa = PBXFileReference; lastKnownFileType = text.plist.xml; path = Info.plist; sourceTree = "<group>"; };
		D58BA61222A74860003F8146 /* MainMenuScene.sks */ = {isa = PBXFileReference; lastKnownFileType = file.sks; path = MainMenuScene.sks; sourceTree = "<group>"; };
		D58BA61422A7488C003F8146 /* MainMenuScene.swift */ = {isa = PBXFileReference; lastKnownFileType = sourcecode.swift; path = MainMenuScene.swift; sourceTree = "<group>"; };
		D5F6B3B022A7A1E7002F107D /* Button.swift */ = {isa = PBXFileReference; lastKnownFileType = sourcecode.swift; path = Button.swift; sourceTree = "<group>"; };
/* End PBXFileReference section */

/* Begin PBXFrameworksBuildPhase section */
		D58BA5F422A74335003F8146 /* Frameworks */ = {
			isa = PBXFrameworksBuildPhase;
			buildActionMask = 2147483647;
			files = (
			);
			runOnlyForDeploymentPostprocessing = 0;
		};
/* End PBXFrameworksBuildPhase section */

/* Begin PBXGroup section */
		D58041A722A89F1100EB8C27 /* Scenes */ = {
			isa = PBXGroup;
			children = (
				D58BA60022A74335003F8146 /* GameScene.swift */,
				D58BA61422A7488C003F8146 /* MainMenuScene.swift */,
			);
			path = Scenes;
			sourceTree = "<group>";
		};
		D58041AC22A8A2DC00EB8C27 /* Supporting Files */ = {
			isa = PBXGroup;
			children = (
				D58BA5FA22A74335003F8146 /* AppDelegate.swift */,
				D58BA60222A74335003F8146 /* GameViewController.swift */,
				D58BA60422A74335003F8146 /* Main.storyboard */,
			);
			path = "Supporting Files";
			sourceTree = "<group>";
		};
		D58041AD22A8A35400EB8C27 /* Classes */ = {
			isa = PBXGroup;
			children = (
				D5F6B3B022A7A1E7002F107D /* Button.swift */,
				D58041A822A89F3700EB8C27 /* Constants.swift */,
				D58041AA22A8A0EA00EB8C27 /* MenuOptions.swift */,
			);
			path = Classes;
			sourceTree = "<group>";
		};
		D58BA5EE22A74335003F8146 = {
			isa = PBXGroup;
			children = (
				D58BA5F922A74335003F8146 /* BottleFlip */,
				D58BA5F822A74335003F8146 /* Products */,
			);
			sourceTree = "<group>";
		};
		D58BA5F822A74335003F8146 /* Products */ = {
			isa = PBXGroup;
			children = (
				D58BA5F722A74335003F8146 /* BottleFlip.app */,
			);
			name = Products;
			sourceTree = "<group>";
		};
		D58BA5F922A74335003F8146 /* BottleFlip */ = {
			isa = PBXGroup;
			children = (
				D58041AD22A8A35400EB8C27 /* Classes */,
				D58041A722A89F1100EB8C27 /* Scenes */,
				D58041AC22A8A2DC00EB8C27 /* Supporting Files */,
				D58BA5FE22A74335003F8146 /* Actions.sks */,
				D58BA5FC22A74335003F8146 /* GameScene.sks */,
				D58BA61222A74860003F8146 /* MainMenuScene.sks */,
				D58BA60722A74336003F8146 /* Assets.xcassets */,
				D58BA60922A74336003F8146 /* LaunchScreen.storyboard */,
				D58BA60C22A74336003F8146 /* Info.plist */,
			);
			path = BottleFlip;
			sourceTree = "<group>";
		};
/* End PBXGroup section */

/* Begin PBXNativeTarget section */
		D58BA5F622A74335003F8146 /* BottleFlip */ = {
			isa = PBXNativeTarget;
			buildConfigurationList = D58BA60F22A74336003F8146 /* Build configuration list for PBXNativeTarget "BottleFlip" */;
			buildPhases = (
				D58BA5F322A74335003F8146 /* Sources */,
				D58BA5F422A74335003F8146 /* Frameworks */,
				D58BA5F522A74335003F8146 /* Resources */,
			);
			buildRules = (
			);
			dependencies = (
			);
			name = BottleFlip;
			productName = BottleFlip;
			productReference = D58BA5F722A74335003F8146 /* BottleFlip.app */;
			productType = "com.apple.product-type.application";
		};
/* End PBXNativeTarget section */

/* Begin PBXProject section */
		D58BA5EF22A74335003F8146 /* Project object */ = {
			isa = PBXProject;
			attributes = {
				LastSwiftUpdateCheck = 1020;
				LastUpgradeCheck = 1020;
				ORGANIZATIONNAME = "Bryan Van Horn";
				TargetAttributes = {
					D58BA5F622A74335003F8146 = {
						CreatedOnToolsVersion = 10.2.1;
					};
				};
			};
			buildConfigurationList = D58BA5F222A74335003F8146 /* Build configuration list for PBXProject "BottleFlip" */;
			compatibilityVersion = "Xcode 9.3";
			developmentRegion = en;
			hasScannedForEncodings = 0;
			knownRegions = (
				en,
				Base,
			);
			mainGroup = D58BA5EE22A74335003F8146;
			productRefGroup = D58BA5F822A74335003F8146 /* Products */;
			projectDirPath = "";
			projectRoot = "";
			targets = (
				D58BA5F622A74335003F8146 /* BottleFlip */,
			);
		};
/* End PBXProject section */

/* Begin PBXResourcesBuildPhase section */
		D58BA5F522A74335003F8146 /* Resources */ = {
			isa = PBXResourcesBuildPhase;
			buildActionMask = 2147483647;
			files = (
				D58BA60622A74335003F8146 /* Main.storyboard in Resources */,
				D58BA61322A74860003F8146 /* MainMenuScene.sks in Resources */,
				D58BA5FD22A74335003F8146 /* GameScene.sks in Resources */,
				D58BA60822A74336003F8146 /* Assets.xcassets in Resources */,
				D58BA60B22A74336003F8146 /* LaunchScreen.storyboard in Resources */,
				D58BA5FF22A74335003F8146 /* Actions.sks in Resources */,
			);
			runOnlyForDeploymentPostprocessing = 0;
		};
/* End PBXResourcesBuildPhase section */

/* Begin PBXSourcesBuildPhase section */
		D58BA5F322A74335003F8146 /* Sources */ = {
			isa = PBXSourcesBuildPhase;
			buildActionMask = 2147483647;
			files = (
				D5F6B3B122A7A1E7002F107D /* Button.swift in Sources */,
				D58BA60122A74335003F8146 /* GameScene.swift in Sources */,
				D58041AB22A8A0EA00EB8C27 /* MenuOptions.swift in Sources */,
				D58BA60322A74335003F8146 /* GameViewController.swift in Sources */,
				D58BA61522A7488C003F8146 /* MainMenuScene.swift in Sources */,
				D58BA5FB22A74335003F8146 /* AppDelegate.swift in Sources */,
				D58041A922A89F3700EB8C27 /* Constants.swift in Sources */,
			);
			runOnlyForDeploymentPostprocessing = 0;
		};
/* End PBXSourcesBuildPhase section */

/* Begin PBXVariantGroup section */
		D58BA60422A74335003F8146 /* Main.storyboard */ = {
			isa = PBXVariantGroup;
			children = (
				D58BA60522A74335003F8146 /* Base */,
			);
			name = Main.storyboard;
			sourceTree = "<group>";
		};
		D58BA60922A74336003F8146 /* LaunchScreen.storyboard */ = {
			isa = PBXVariantGroup;
			children = (
				D58BA60A22A74336003F8146 /* Base */,
			);
			name = LaunchScreen.storyboard;
			sourceTree = "<group>";
		};
/* End PBXVariantGroup section */

/* Begin XCBuildConfiguration section */
		D58BA60D22A74336003F8146 /* Debug */ = {
			isa = XCBuildConfiguration;
			buildSettings = {
				ALWAYS_SEARCH_USER_PATHS = NO;
				CLANG_ANALYZER_NONNULL = YES;
				CLANG_ANALYZER_NUMBER_OBJECT_CONVERSION = YES_AGGRESSIVE;
				CLANG_CXX_LANGUAGE_STANDARD = "gnu++14";
				CLANG_CXX_LIBRARY = "libc++";
				CLANG_ENABLE_MODULES = YES;
				CLANG_ENABLE_OBJC_ARC = YES;
				CLANG_ENABLE_OBJC_WEAK = YES;
				CLANG_WARN_BLOCK_CAPTURE_AUTORELEASING = YES;
				CLANG_WARN_BOOL_CONVERSION = YES;
				CLANG_WARN_COMMA = YES;
				CLANG_WARN_CONSTANT_CONVERSION = YES;
				CLANG_WARN_DEPRECATED_OBJC_IMPLEMENTATIONS = YES;
				CLANG_WARN_DIRECT_OBJC_ISA_USAGE = YES_ERROR;
				CLANG_WARN_DOCUMENTATION_COMMENTS = YES;
				CLANG_WARN_EMPTY_BODY = YES;
				CLANG_WARN_ENUM_CONVERSION = YES;
				CLANG_WARN_INFINITE_RECURSION = YES;
				CLANG_WARN_INT_CONVERSION = YES;
				CLANG_WARN_NON_LITERAL_NULL_CONVERSION = YES;
				CLANG_WARN_OBJC_IMPLICIT_RETAIN_SELF = YES;
				CLANG_WARN_OBJC_LITERAL_CONVERSION = YES;
				CLANG_WARN_OBJC_ROOT_CLASS = YES_ERROR;
				CLANG_WARN_RANGE_LOOP_ANALYSIS = YES;
				CLANG_WARN_STRICT_PROTOTYPES = YES;
				CLANG_WARN_SUSPICIOUS_MOVE = YES;
				CLANG_WARN_UNGUARDED_AVAILABILITY = YES_AGGRESSIVE;
				CLANG_WARN_UNREACHABLE_CODE = YES;
				CLANG_WARN__DUPLICATE_METHOD_MATCH = YES;
				CODE_SIGN_IDENTITY = "iPhone Developer";
				COPY_PHASE_STRIP = NO;
				DEBUG_INFORMATION_FORMAT = dwarf;
				ENABLE_STRICT_OBJC_MSGSEND = YES;
				ENABLE_TESTABILITY = YES;
				GCC_C_LANGUAGE_STANDARD = gnu11;
				GCC_DYNAMIC_NO_PIC = NO;
				GCC_NO_COMMON_BLOCKS = YES;
				GCC_OPTIMIZATION_LEVEL = 0;
				GCC_PREPROCESSOR_DEFINITIONS = (
					"DEBUG=1",
					"$(inherited)",
				);
				GCC_WARN_64_TO_32_BIT_CONVERSION = YES;
				GCC_WARN_ABOUT_RETURN_TYPE = YES_ERROR;
				GCC_WARN_UNDECLARED_SELECTOR = YES;
				GCC_WARN_UNINITIALIZED_AUTOS = YES_AGGRESSIVE;
				GCC_WARN_UNUSED_FUNCTION = YES;
				GCC_WARN_UNUSED_VARIABLE = YES;
				IPHONEOS_DEPLOYMENT_TARGET = 12.2;
				MTL_ENABLE_DEBUG_INFO = INCLUDE_SOURCE;
				MTL_FAST_MATH = YES;
				ONLY_ACTIVE_ARCH = YES;
				SDKROOT = iphoneos;
				SWIFT_ACTIVE_COMPILATION_CONDITIONS = DEBUG;
				SWIFT_OPTIMIZATION_LEVEL = "-Onone";
			};
			name = Debug;
		};
		D58BA60E22A74336003F8146 /* Release */ = {
			isa = XCBuildConfiguration;
			buildSettings = {
				ALWAYS_SEARCH_USER_PATHS = NO;
				CLANG_ANALYZER_NONNULL = YES;
				CLANG_ANALYZER_NUMBER_OBJECT_CONVERSION = YES_AGGRESSIVE;
				CLANG_CXX_LANGUAGE_STANDARD = "gnu++14";
				CLANG_CXX_LIBRARY = "libc++";
				CLANG_ENABLE_MODULES = YES;
				CLANG_ENABLE_OBJC_ARC = YES;
				CLANG_ENABLE_OBJC_WEAK = YES;
				CLANG_WARN_BLOCK_CAPTURE_AUTORELEASING = YES;
				CLANG_WARN_BOOL_CONVERSION = YES;
				CLANG_WARN_COMMA = YES;
				CLANG_WARN_CONSTANT_CONVERSION = YES;
				CLANG_WARN_DEPRECATED_OBJC_IMPLEMENTATIONS = YES;
				CLANG_WARN_DIRECT_OBJC_ISA_USAGE = YES_ERROR;
				CLANG_WARN_DOCUMENTATION_COMMENTS = YES;
				CLANG_WARN_EMPTY_BODY = YES;
				CLANG_WARN_ENUM_CONVERSION = YES;
				CLANG_WARN_INFINITE_RECURSION = YES;
				CLANG_WARN_INT_CONVERSION = YES;
				CLANG_WARN_NON_LITERAL_NULL_CONVERSION = YES;
				CLANG_WARN_OBJC_IMPLICIT_RETAIN_SELF = YES;
				CLANG_WARN_OBJC_LITERAL_CONVERSION = YES;
				CLANG_WARN_OBJC_ROOT_CLASS = YES_ERROR;
				CLANG_WARN_RANGE_LOOP_ANALYSIS = YES;
				CLANG_WARN_STRICT_PROTOTYPES = YES;
				CLANG_WARN_SUSPICIOUS_MOVE = YES;
				CLANG_WARN_UNGUARDED_AVAILABILITY = YES_AGGRESSIVE;
				CLANG_WARN_UNREACHABLE_CODE = YES;
				CLANG_WARN__DUPLICATE_METHOD_MATCH = YES;
				CODE_SIGN_IDENTITY = "iPhone Developer";
				COPY_PHASE_STRIP = NO;
				DEBUG_INFORMATION_FORMAT = "dwarf-with-dsym";
				ENABLE_NS_ASSERTIONS = NO;
				ENABLE_STRICT_OBJC_MSGSEND = YES;
				GCC_C_LANGUAGE_STANDARD = gnu11;
				GCC_NO_COMMON_BLOCKS = YES;
				GCC_WARN_64_TO_32_BIT_CONVERSION = YES;
				GCC_WARN_ABOUT_RETURN_TYPE = YES_ERROR;
				GCC_WARN_UNDECLARED_SELECTOR = YES;
				GCC_WARN_UNINITIALIZED_AUTOS = YES_AGGRESSIVE;
				GCC_WARN_UNUSED_FUNCTION = YES;
				GCC_WARN_UNUSED_VARIABLE = YES;
				IPHONEOS_DEPLOYMENT_TARGET = 12.2;
				MTL_ENABLE_DEBUG_INFO = NO;
				MTL_FAST_MATH = YES;
				SDKROOT = iphoneos;
				SWIFT_COMPILATION_MODE = wholemodule;
				SWIFT_OPTIMIZATION_LEVEL = "-O";
				VALIDATE_PRODUCT = YES;
			};
			name = Release;
		};
		D58BA61022A74336003F8146 /* Debug */ = {
			isa = XCBuildConfiguration;
			buildSettings = {
				ASSETCATALOG_COMPILER_APPICON_NAME = AppIcon;
				CODE_SIGN_STYLE = Automatic;
				INFOPLIST_FILE = BottleFlip/Info.plist;
				LD_RUNPATH_SEARCH_PATHS = (
					"$(inherited)",
					"@executable_path/Frameworks",
				);
				PRODUCT_BUNDLE_IDENTIFIER = com.bvh.BottleFlip;
				PRODUCT_NAME = "$(TARGET_NAME)";
				SWIFT_VERSION = 5.0;
				TARGETED_DEVICE_FAMILY = "1,2";
			};
			name = Debug;
		};
		D58BA61122A74336003F8146 /* Release */ = {
			isa = XCBuildConfiguration;
			buildSettings = {
				ASSETCATALOG_COMPILER_APPICON_NAME = AppIcon;
				CODE_SIGN_STYLE = Automatic;
				INFOPLIST_FILE = BottleFlip/Info.plist;
				LD_RUNPATH_SEARCH_PATHS = (
					"$(inherited)",
					"@executable_path/Frameworks",
				);
				PRODUCT_BUNDLE_IDENTIFIER = com.bvh.BottleFlip;
				PRODUCT_NAME = "$(TARGET_NAME)";
				SWIFT_VERSION = 5.0;
				TARGETED_DEVICE_FAMILY = "1,2";
			};
			name = Release;
		};
/* End XCBuildConfiguration section */

/* Begin XCConfigurationList section */
		D58BA5F222A74335003F8146 /* Build configuration list for PBXProject "BottleFlip" */ = {
			isa = XCConfigurationList;
			buildConfigurations = (
				D58BA60D22A74336003F8146 /* Debug */,
				D58BA60E22A74336003F8146 /* Release */,
			);
			defaultConfigurationIsVisible = 0;
			defaultConfigurationName = Release;
		};
		D58BA60F22A74336003F8146 /* Build configuration list for PBXNativeTarget "BottleFlip" */ = {
			isa = XCConfigurationList;
			buildConfigurations = (
				D58BA61022A74336003F8146 /* Debug */,
				D58BA61122A74336003F8146 /* Release */,
			);
			defaultConfigurationIsVisible = 0;
			defaultConfigurationName = Release;
		};
/* End XCConfigurationList section */
	};
	rootObject = D58BA5EF22A74335003F8146 /* Project object */;
}
